
Microsoft Visual Studio Solution File, Format Version 12.00
# Visual Studio Version 16
VisualStudioVersion = 16.0.31729.503
MinimumVisualStudioVersion = 10.0.40219.1
Project("{FAE04EC0-301F-11D3-BF4B-00C04F79EFBC}") = "WarehouseManagementSystem", "WarehouseManagementSystem.csproj", "{353D5709-A7D9-42D8-8DFE-6A0BE4D3E6FB}"
EndProject
Global
	GlobalSection(SolutionConfigurationPlatforms) = preSolution
		Debug|Any CPU = Debug|Any CPU
		Release|Any CPU = Release|Any CPU
	EndGlobalSection
	GlobalSection(ProjectConfigurationPlatforms) = postSolution
		{353D5709-A7D9-42D8-8DFE-6A0BE4D3E6FB}.Debug|Any CPU.ActiveCfg = Debug|Any CPU
		{353D5709-A7D9-42D8-8DFE-6A0BE4D3E6FB}.Debug|Any CPU.Build.0 = Debug|Any CPU
		{353D5709-A7D9-42D8-8DFE-6A0BE4D3E6FB}.Release|Any CPU.ActiveCfg = Release|Any CPU
		{353D5709-A7D9-42D8-8DFE-6A0BE4D3E6FB}.Release|Any CPU.Build.0 = Release|Any CPU
	EndGlobalSection
	GlobalSection(SolutionProperties) = preSolution
		HideSolutionNode = FALSE
	EndGlobalSection
	GlobalSection(ExtensibilityGlobals) = postSolution
		SolutionGuid = {4C234C15-C974-49CC-A5D9-AEBBA5CF16AC}
	EndGlobalSection
EndGlobal
